# THIS IS AN AUTOGENERATED FILE. DO NOT EDIT THIS FILE DIRECTLY.
# yarn lockfile v1


"@algolia/autocomplete-core@1.8.2":
  "integrity" "sha512-mTeshsyFhAqw/ebqNsQpMtbnjr+qVOSKXArEj4K0d7sqc8It1XD0gkASwecm9mF/jlOQ4Z9RNg1HbdA8JPdRwQ=="
  "resolved" "https://registry.npmmirror.com/@algolia/autocomplete-core/-/autocomplete-core-1.8.2.tgz"
  "version" "1.8.2"
  dependencies:
    "@algolia/autocomplete-shared" "1.8.2"

"@algolia/autocomplete-preset-algolia@1.8.2":
  "integrity" "sha512-J0oTx4me6ZM9kIKPuL3lyU3aB8DEvpVvR6xWmHVROx5rOYJGQcZsdG4ozxwcOyiiu3qxMkIbzntnV1S1VWD8yA=="
  "resolved" "https://registry.npmmirror.com/@algolia/autocomplete-preset-algolia/-/autocomplete-preset-algolia-1.8.2.tgz"
  "version" "1.8.2"
  dependencies:
    "@algolia/autocomplete-shared" "1.8.2"

"@algolia/autocomplete-shared@1.8.2":
  "integrity" "sha512-b6Z/X4MczChMcfhk6kfRmBzPgjoPzuS9KGR4AFsiLulLNRAAqhP+xZTKtMnZGhLuc61I20d5WqlId02AZvcO6g=="
  "resolved" "https://registry.npmmirror.com/@algolia/autocomplete-shared/-/autocomplete-shared-1.8.2.tgz"
  "version" "1.8.2"

"@algolia/cache-browser-local-storage@4.17.2":
  "integrity" "sha512-ZkVN7K/JE+qMQbpR6h3gQOGR6yCJpmucSBCmH5YDxnrYbp2CbrVCu0Nr+FGVoWzMJNznj1waShkfQ9awERulLw=="
  "resolved" "https://registry.npmmirror.com/@algolia/cache-browser-local-storage/-/cache-browser-local-storage-4.17.2.tgz"
  "version" "4.17.2"
  dependencies:
    "@algolia/cache-common" "4.17.2"

"@algolia/cache-common@4.17.2":
  "integrity" "sha512-fojbhYIS8ovfYs6hwZpy1O4mBfVRxNgAaZRqsdVQd54hU4MxYDYFCxagYX28lOBz7btcDHld6BMoWXvjzkx6iQ=="
  "resolved" "https://registry.npmmirror.com/@algolia/cache-common/-/cache-common-4.17.2.tgz"
  "version" "4.17.2"

"@algolia/cache-in-memory@4.17.2":
  "integrity" "sha512-UYQcMzPurNi+cPYkuPemTZkjKAjdgAS1hagC5irujKbrYnN4yscK4TkOI5tX+O8/KegtJt3kOK07OIrJ2QDAAw=="
  "resolved" "https://registry.npmmirror.com/@algolia/cache-in-memory/-/cache-in-memory-4.17.2.tgz"
  "version" "4.17.2"
  dependencies:
    "@algolia/cache-common" "4.17.2"

"@algolia/client-account@4.17.2":
  "integrity" "sha512-doSk89pBPDpDyKJSHFADIGa2XSGrBCj3QwPvqtRJXDADpN+OjW+eTR8r4hEs/7X4GGfjfAOAES8JgDx+fZntYw=="
  "resolved" "https://registry.npmmirror.com/@algolia/client-account/-/client-account-4.17.2.tgz"
  "version" "4.17.2"
  dependencies:
    "@algolia/client-common" "4.17.2"
    "@algolia/client-search" "4.17.2"
    "@algolia/transporter" "4.17.2"

"@algolia/client-analytics@4.17.2":
  "integrity" "sha512-V+DcXbOtD/hKwAR3qGQrtlrJ3q2f9OKfx843q744o4m3xHv5ueCAvGXB1znPsdaUrVDNAImcgEgqwI9x7EJbDw=="
  "resolved" "https://registry.npmmirror.com/@algolia/client-analytics/-/client-analytics-4.17.2.tgz"
  "version" "4.17.2"
  dependencies:
    "@algolia/client-common" "4.17.2"
    "@algolia/client-search" "4.17.2"
    "@algolia/requester-common" "4.17.2"
    "@algolia/transporter" "4.17.2"

"@algolia/client-common@4.17.2":
  "integrity" "sha512-gKBUnjxi0ukJYIJxVREYGt1Dmj1B3RBYbfGWi0dIPp1BC1VvQm+BOuNwsIwmq/x3MPO+sGuK978eKiP3tZDvag=="
  "resolved" "https://registry.npmmirror.com/@algolia/client-common/-/client-common-4.17.2.tgz"
  "version" "4.17.2"
  dependencies:
    "@algolia/requester-common" "4.17.2"
    "@algolia/transporter" "4.17.2"

"@algolia/client-personalization@4.17.2":
  "integrity" "sha512-wc4UgOWxSYWz5wpuelNmlt895jA9twjZWM2ms17Ws8qCvBHF7OVGdMGgbysPB8790YnfvvDnSsWOv3CEj26Eow=="
  "resolved" "https://registry.npmmirror.com/@algolia/client-personalization/-/client-personalization-4.17.2.tgz"
  "version" "4.17.2"
  dependencies:
    "@algolia/client-common" "4.17.2"
    "@algolia/requester-common" "4.17.2"
    "@algolia/transporter" "4.17.2"

"@algolia/client-search@>= 4.9.1 < 6", "@algolia/client-search@4.17.2":
  "integrity" "sha512-FUjIs+gRe0upJC++uVs4sdxMw15JxfkT86Gr/kqVwi9kcqaZhXntSbW/Fw959bIYXczjmeVQsilYvBWW4YvSZA=="
  "resolved" "https://registry.npmmirror.com/@algolia/client-search/-/client-search-4.17.2.tgz"
  "version" "4.17.2"
  dependencies:
    "@algolia/client-common" "4.17.2"
    "@algolia/requester-common" "4.17.2"
    "@algolia/transporter" "4.17.2"

"@algolia/logger-common@4.17.2":
  "integrity" "sha512-EfXuweUE+1HiSMsQidaDWA5Lv4NnStYIlh7PO5pLkI+sdhbMX0e5AO5nUAMIFM1VkEANes70RA8fzhP6OqCqQQ=="
  "resolved" "https://registry.npmmirror.com/@algolia/logger-common/-/logger-common-4.17.2.tgz"
  "version" "4.17.2"

"@algolia/logger-console@4.17.2":
  "integrity" "sha512-JuG8HGVlJ+l/UEDK4h2Y8q/IEmRjQz1J0aS9tf6GPNbGYiSvMr1DDdZ+hqV3bb1XE6wU8Ypex56HisWMSpnG0A=="
  "resolved" "https://registry.npmmirror.com/@algolia/logger-console/-/logger-console-4.17.2.tgz"
  "version" "4.17.2"
  dependencies:
    "@algolia/logger-common" "4.17.2"

"@algolia/requester-browser-xhr@4.17.2":
  "integrity" "sha512-FKI2lYWwksALfRt2OETFmGb5+P7WVc4py2Ai3H7k8FSfTLwVvs9WVVmtlx6oANQ8RFEK4B85h8DQJTJ29TDfmA=="
  "resolved" "https://registry.npmmirror.com/@algolia/requester-browser-xhr/-/requester-browser-xhr-4.17.2.tgz"
  "version" "4.17.2"
  dependencies:
    "@algolia/requester-common" "4.17.2"

"@algolia/requester-common@4.17.2":
  "integrity" "sha512-Rfim23ztAhYpE9qm+KCfCRo+YLJCjiiTG+IpDdzUjMpYPhUtirQT0A35YEd/gKn86YNyydxS9w8iRSjwKh+L0A=="
  "resolved" "https://registry.npmmirror.com/@algolia/requester-common/-/requester-common-4.17.2.tgz"
  "version" "4.17.2"

"@algolia/requester-node-http@4.17.2":
  "integrity" "sha512-E0b0kyCDMvUIhQmDNd/mH4fsKJdEEX6PkMKrYJjzm6moo+rP22tqpq4Rfe7DZD8OB6/LsDD3zs3Kvd+L+M5wwQ=="
  "resolved" "https://registry.npmmirror.com/@algolia/requester-node-http/-/requester-node-http-4.17.2.tgz"
  "version" "4.17.2"
  dependencies:
    "@algolia/requester-common" "4.17.2"

"@algolia/transporter@4.17.2":
  "integrity" "sha512-m8pXlz5OnNzjD1rcw+duCN4jG4yEzkJBsvKYMoN22Oq6rQwy1AY5muZ+IQUs4dL+A364CYkRMLRWhvXpCZ1x+g=="
  "resolved" "https://registry.npmmirror.com/@algolia/transporter/-/transporter-4.17.2.tgz"
  "version" "4.17.2"
  dependencies:
    "@algolia/cache-common" "4.17.2"
    "@algolia/logger-common" "4.17.2"
    "@algolia/requester-common" "4.17.2"

"@babel/parser@^7.20.15", "@babel/parser@^7.21.3":
  "integrity" "sha512-+gPfKv8UWeKKeJTUxe59+OobVcrYHETCsORl61EmSkmgymguYk/X5bp7GuUIXaFsc6y++v8ZxPsLSSuujqDphA=="
  "resolved" "http://192.168.0.169:8081/repository/npm-public/@babel/parser/-/parser-7.22.16.tgz"
  "version" "7.22.16"

"@ctrl/tinycolor@^3.4.1":
  "integrity" "sha512-SITSV6aIXsuVNV3f3O0f2n/cgyEDWoSqtZMYiAmcsYHydcKrOz3gUxB/iXd/Qf08+IZX4KpgNbvUdMBmWz+kcA=="
  "resolved" "http://192.168.0.169:8081/repository/npm-public/@ctrl/tinycolor/-/tinycolor-3.6.1.tgz"
  "version" "3.6.1"

"@docsearch/css@^3.3.5", "@docsearch/css@3.4.0":
  "integrity" "sha512-Hg8Xfma+rFwRi6Y/pfei4FJoQ1hdVURmmNs/XPoMTCPAImU+d5yxj+M+qdLtNjWRpfWziU4dQcqY94xgFBn2dg=="
  "resolved" "https://registry.npmmirror.com/@docsearch/css/-/css-3.4.0.tgz"
  "version" "3.4.0"

"@docsearch/js@^3.3.5":
  "integrity" "sha512-uOtOHZJv+5PQmL68+srVzlGhLejnEBJgZl1bR87Zh/uK5RUI7p6el1R8hGTl2F8K2tCloNRxTMtXyYUNbMV+qw=="
  "resolved" "https://registry.npmmirror.com/@docsearch/js/-/js-3.4.0.tgz"
  "version" "3.4.0"
  dependencies:
    "@docsearch/react" "3.4.0"
    "preact" "^10.0.0"

"@docsearch/react@3.4.0":
  "integrity" "sha512-ufrp5879XYGojgS30ZAp8H4qIMbahRHB9M85VDBP36Xgz5QjYM54i1URKj5e219F7gqTtOivfztFTij6itc0MQ=="
  "resolved" "https://registry.npmmirror.com/@docsearch/react/-/react-3.4.0.tgz"
  "version" "3.4.0"
  dependencies:
    "@algolia/autocomplete-core" "1.8.2"
    "@algolia/autocomplete-preset-algolia" "1.8.2"
    "@docsearch/css" "3.4.0"
    "algoliasearch" "^4.0.0"

"@element-plus/icons-vue@^2.0.6":
  "integrity" "sha512-PSBn3elNoanENc1vnCfh+3WA9fimRC7n+fWkf3rE5jvv+aBohNHABC/KAR5KWPecxWxDTVT1ERpRbOMRcOV/vA=="
  "resolved" "http://192.168.0.169:8081/repository/npm-public/@element-plus/icons-vue/-/icons-vue-2.1.0.tgz"
  "version" "2.1.0"

"@esbuild/win32-x64@0.17.19":
  "integrity" "sha512-lAhycmKnVOuRYNtRtatQR1LPQf2oYCkRGkSFnseDAKPl8lu5SOsK/e1sXe5a0Pc5kHIHe6P2I/ilntNv2xf3cA=="
  "resolved" "https://registry.npmmirror.com/@esbuild/win32-x64/-/win32-x64-0.17.19.tgz"
  "version" "0.17.19"

"@floating-ui/core@^1.4.1":
  "integrity" "sha512-jk3WqquEJRlcyu7997NtR5PibI+y5bi+LS3hPmguVClypenMsCY3CBa3LAQnozRCtCrYWSEtAdiskpamuJRFOQ=="
  "resolved" "http://192.168.0.169:8081/repository/npm-public/@floating-ui/core/-/core-1.4.1.tgz"
  "version" "1.4.1"
  dependencies:
    "@floating-ui/utils" "^0.1.1"

"@floating-ui/dom@^1.0.1":
  "integrity" "sha512-6ArmenS6qJEWmwzczWyhvrXRdI/rI78poBcW0h/456+onlabit+2G+QxHx5xTOX60NBJQXjsCLFbW2CmsXpUog=="
  "resolved" "http://192.168.0.169:8081/repository/npm-public/@floating-ui/dom/-/dom-1.5.2.tgz"
  "version" "1.5.2"
  dependencies:
    "@floating-ui/core" "^1.4.1"
    "@floating-ui/utils" "^0.1.1"

"@floating-ui/utils@^0.1.1":
  "integrity" "sha512-ou3elfqG/hZsbmF4bxeJhPHIf3G2pm0ujc39hYEZrfVqt7Vk/Zji6CXc3W0pmYM8BW1g40U+akTl9DKZhFhInQ=="
  "resolved" "http://192.168.0.169:8081/repository/npm-public/@floating-ui/utils/-/utils-0.1.2.tgz"
  "version" "0.1.2"

"@jridgewell/sourcemap-codec@^1.4.15":
  "integrity" "sha512-eF2rxCRulEKXHTRiDrDy6erMYWqNw4LPdQ8UQA4huuxaQsVeRPFl2oM8oDGxMFhJUWZf9McpLtJasDDZb/Bpeg=="
  "resolved" "http://192.168.0.169:8081/repository/npm-public/@jridgewell/sourcemap-codec/-/sourcemap-codec-1.4.15.tgz"
  "version" "1.4.15"

"@popperjs/core@npm:@sxzz/popperjs-es@^2.11.7":
  "integrity" "sha512-Ccy0NlLkzr0Ex2FKvh2X+OyERHXJ88XJ1MXtsI9y9fGexlaXaVTPzBCRBwIxFkORuOb+uBqeu+RqnpgYTEZRUQ=="
  "resolved" "http://192.168.0.169:8081/repository/npm-public/@sxzz/popperjs-es/-/popperjs-es-2.11.7.tgz"
  "version" "2.11.7"

"@types/lodash-es@*", "@types/lodash-es@^4.17.6":
  "integrity" "sha512-ZTcmhiI3NNU7dEvWLZJkzG6ao49zOIjEgIE0RgV7wbPxU0f2xT3VSAHw2gmst8swH6V0YkLRGp4qPlX/6I90MQ=="
  "resolved" "http://192.168.0.169:8081/repository/npm-public/@types/lodash-es/-/lodash-es-4.17.9.tgz"
  "version" "4.17.9"
  dependencies:
    "@types/lodash" "*"

"@types/lodash@*", "@types/lodash@^4.14.182":
  "integrity" "sha512-trNJ/vtMZYMLhfN45uLq4ShQSw0/S7xCTLLVM+WM1rmFpba/VS42jVUgaO3w/NOLiWR/09lnYk0yMaA/atdIsg=="
  "resolved" "http://192.168.0.169:8081/repository/npm-public/@types/lodash/-/lodash-4.14.198.tgz"
  "version" "4.14.198"

"@types/web-bluetooth@^0.0.16":
  "integrity" "sha512-oh8q2Zc32S6gd/j50GowEjKLoOVOwHP/bWVjKJInBwQqdOYMdPrf1oVlelTlyfFK3CKxL1uahMDAr+vy8T7yMQ=="
  "resolved" "http://192.168.0.169:8081/repository/npm-public/@types/web-bluetooth/-/web-bluetooth-0.0.16.tgz"
  "version" "0.0.16"

"@types/web-bluetooth@^0.0.17":
  "integrity" "sha512-4p9vcSmxAayx72yn70joFoL44c9MO/0+iVEBIQXe3v2h2SiAsEIo/G5v6ObFWvNKRFjbrVadNf9LqEEZeQPzdA=="
  "resolved" "https://registry.npmmirror.com/@types/web-bluetooth/-/web-bluetooth-0.0.17.tgz"
  "version" "0.0.17"

"@vitejs/plugin-vue@^4.2.3":
  "integrity" "sha512-ciXNIHKPriERBisHFBvnTbfKa6r9SAesOYXeGDzgegcvy9Q4xdScSHAmKbNT0M3O0S9LKhIf5/G+UYG4NnnzYw=="
  "resolved" "http://192.168.0.169:8081/repository/npm-public/@vitejs/plugin-vue/-/plugin-vue-4.3.4.tgz"
  "version" "4.3.4"

"@vue/compiler-core@3.3.4":
  "integrity" "sha512-cquyDNvZ6jTbf/+x+AgM2Arrp6G4Dzbb0R64jiG804HRMfRiFXWI6kqUVqZ6ZR0bQhIoQjB4+2bhNtVwndW15g=="
  "resolved" "http://192.168.0.169:8081/repository/npm-public/@vue/compiler-core/-/compiler-core-3.3.4.tgz"
  "version" "3.3.4"
  dependencies:
    "@babel/parser" "^7.21.3"
    "@vue/shared" "3.3.4"
    "estree-walker" "^2.0.2"
    "source-map-js" "^1.0.2"

"@vue/compiler-dom@3.3.4":
  "integrity" "sha512-wyM+OjOVpuUukIq6p5+nwHYtj9cFroz9cwkfmP9O1nzH68BenTTv0u7/ndggT8cIQlnBeOo6sUT/gvHcIkLA5w=="
  "resolved" "http://192.168.0.169:8081/repository/npm-public/@vue/compiler-dom/-/compiler-dom-3.3.4.tgz"
  "version" "3.3.4"
  dependencies:
    "@vue/compiler-core" "3.3.4"
    "@vue/shared" "3.3.4"

"@vue/compiler-sfc@3.3.4":
  "integrity" "sha512-6y/d8uw+5TkCuzBkgLS0v3lSM3hJDntFEiUORM11pQ/hKvkhSKZrXW6i69UyXlJQisJxuUEJKAWEqWbWsLeNKQ=="
  "resolved" "http://192.168.0.169:8081/repository/npm-public/@vue/compiler-sfc/-/compiler-sfc-3.3.4.tgz"
  "version" "3.3.4"
  dependencies:
    "@babel/parser" "^7.20.15"
    "@vue/compiler-core" "3.3.4"
    "@vue/compiler-dom" "3.3.4"
    "@vue/compiler-ssr" "3.3.4"
    "@vue/reactivity-transform" "3.3.4"
    "@vue/shared" "3.3.4"
    "estree-walker" "^2.0.2"
    "magic-string" "^0.30.0"
    "postcss" "^8.1.10"
    "source-map-js" "^1.0.2"

"@vue/compiler-ssr@3.3.4":
  "integrity" "sha512-m0v6oKpup2nMSehwA6Uuu+j+wEwcy7QmwMkVNVfrV9P2qE5KshC6RwOCq8fjGS/Eak/uNb8AaWekfiXxbBB6gQ=="
  "resolved" "http://192.168.0.169:8081/repository/npm-public/@vue/compiler-ssr/-/compiler-ssr-3.3.4.tgz"
  "version" "3.3.4"
  dependencies:
    "@vue/compiler-dom" "3.3.4"
    "@vue/shared" "3.3.4"

"@vue/devtools-api@^6.5.0":
  "integrity" "sha512-o9KfBeaBmCKl10usN4crU53fYtC1r7jJwdGKjPT24t348rHxgfpZ0xL3Xm/gLUYnc0oTp8LAmrxOeLyu6tbk2Q=="
  "resolved" "https://registry.npmmirror.com/@vue/devtools-api/-/devtools-api-6.5.0.tgz"
  "version" "6.5.0"

"@vue/reactivity-transform@3.3.4":
  "integrity" "sha512-MXgwjako4nu5WFLAjpBnCj/ieqcjE2aJBINUNQzkZQfzIZA4xn+0fV1tIYBJvvva3N3OvKGofRLvQIwEQPpaXw=="
  "resolved" "http://192.168.0.169:8081/repository/npm-public/@vue/reactivity-transform/-/reactivity-transform-3.3.4.tgz"
  "version" "3.3.4"
  dependencies:
    "@babel/parser" "^7.20.15"
    "@vue/compiler-core" "3.3.4"
    "@vue/shared" "3.3.4"
    "estree-walker" "^2.0.2"
    "magic-string" "^0.30.0"

"@vue/reactivity@3.3.4":
  "integrity" "sha512-kLTDLwd0B1jG08NBF3R5rqULtv/f8x3rOFByTDz4J53ttIQEDmALqKqXY0J+XQeN0aV2FBxY8nJDf88yvOPAqQ=="
  "resolved" "http://192.168.0.169:8081/repository/npm-public/@vue/reactivity/-/reactivity-3.3.4.tgz"
  "version" "3.3.4"
  dependencies:
    "@vue/shared" "3.3.4"

"@vue/runtime-core@3.3.4":
  "integrity" "sha512-R+bqxMN6pWO7zGI4OMlmvePOdP2c93GsHFM/siJI7O2nxFRzj55pLwkpCedEY+bTMgp5miZ8CxfIZo3S+gFqvA=="
  "resolved" "http://192.168.0.169:8081/repository/npm-public/@vue/runtime-core/-/runtime-core-3.3.4.tgz"
  "version" "3.3.4"
  dependencies:
    "@vue/reactivity" "3.3.4"
    "@vue/shared" "3.3.4"

"@vue/runtime-dom@3.3.4":
  "integrity" "sha512-Aj5bTJ3u5sFsUckRghsNjVTtxZQ1OyMWCr5dZRAPijF/0Vy4xEoRCwLyHXcj4D0UFbJ4lbx3gPTgg06K/GnPnQ=="
  "resolved" "http://192.168.0.169:8081/repository/npm-public/@vue/runtime-dom/-/runtime-dom-3.3.4.tgz"
  "version" "3.3.4"
  dependencies:
    "@vue/runtime-core" "3.3.4"
    "@vue/shared" "3.3.4"
    "csstype" "^3.1.1"

"@vue/server-renderer@3.3.4":
  "integrity" "sha512-Q6jDDzR23ViIb67v+vM1Dqntu+HUexQcsWKhhQa4ARVzxOY2HbC7QRW/ggkDBd5BU+uM1sV6XOAP0b216o34JQ=="
  "resolved" "http://192.168.0.169:8081/repository/npm-public/@vue/server-renderer/-/server-renderer-3.3.4.tgz"
  "version" "3.3.4"
  dependencies:
    "@vue/compiler-ssr" "3.3.4"
    "@vue/shared" "3.3.4"

"@vue/shared@3.3.4":
  "integrity" "sha512-7OjdcV8vQ74eiz1TZLzZP4JwqM5fA94K6yntPS5Z25r9HDuGNzaGdgvwKYq6S+MxwF0TFRwe50fIR/MYnakdkQ=="
  "resolved" "http://192.168.0.169:8081/repository/npm-public/@vue/shared/-/shared-3.3.4.tgz"
  "version" "3.3.4"

"@vueuse/core@^10.1.2", "@vueuse/core@10.1.2":
  "integrity" "sha512-roNn8WuerI56A5uiTyF/TEYX0Y+VKlhZAF94unUfdhbDUI+NfwQMn4FUnUscIRUhv3344qvAghopU4bzLPNFlA=="
  "resolved" "https://registry.npmmirror.com/@vueuse/core/-/core-10.1.2.tgz"
  "version" "10.1.2"
  dependencies:
    "@types/web-bluetooth" "^0.0.17"
    "@vueuse/metadata" "10.1.2"
    "@vueuse/shared" "10.1.2"
    "vue-demi" ">=0.14.0"

"@vueuse/core@^9.1.0":
  "integrity" "sha512-pujnclbeHWxxPRqXWmdkKV5OX4Wk4YeK7wusHqRwU0Q7EFusHoqNA/aPhB6KCh9hEqJkLAJo7bb0Lh9b+OIVzw=="
  "resolved" "http://192.168.0.169:8081/repository/npm-public/@vueuse/core/-/core-9.13.0.tgz"
  "version" "9.13.0"
  dependencies:
    "@types/web-bluetooth" "^0.0.16"
    "@vueuse/metadata" "9.13.0"
    "@vueuse/shared" "9.13.0"
    "vue-demi" "*"

"@vueuse/integrations@^10.1.2":
  "integrity" "sha512-wUpG3Wv6LiWerOwCzOAM0iGhNQ4vfFUTkhj/xQy7TLXduh2M3D8N08aS0KqlxsejY6R8NLxydDIM+68QfHZZ8Q=="
  "resolved" "https://registry.npmmirror.com/@vueuse/integrations/-/integrations-10.1.2.tgz"
  "version" "10.1.2"
  dependencies:
    "@vueuse/core" "10.1.2"
    "@vueuse/shared" "10.1.2"
    "vue-demi" ">=0.14.0"

"@vueuse/metadata@10.1.2":
  "integrity" "sha512-3mc5BqN9aU2SqBeBuWE7ne4OtXHoHKggNgxZR2K+zIW4YLsy6xoZ4/9vErQs6tvoKDX6QAqm3lvsrv0mczAwIQ=="
  "resolved" "https://registry.npmmirror.com/@vueuse/metadata/-/metadata-10.1.2.tgz"
  "version" "10.1.2"

"@vueuse/metadata@9.13.0":
  "integrity" "sha512-gdU7TKNAUVlXXLbaF+ZCfte8BjRJQWPCa2J55+7/h+yDtzw3vOoGQDRXzI6pyKyo6bXFT5/QoPE4hAknExjRLQ=="
  "resolved" "http://192.168.0.169:8081/repository/npm-public/@vueuse/metadata/-/metadata-9.13.0.tgz"
  "version" "9.13.0"

"@vueuse/shared@10.1.2":
  "integrity" "sha512-1uoUTPBlgyscK9v6ScGeVYDDzlPSFXBlxuK7SfrDGyUTBiznb3mNceqhwvZHjtDRELZEN79V5uWPTF1VDV8svA=="
  "resolved" "https://registry.npmmirror.com/@vueuse/shared/-/shared-10.1.2.tgz"
  "version" "10.1.2"
  dependencies:
    "vue-demi" ">=0.14.0"

"@vueuse/shared@9.13.0":
  "integrity" "sha512-UrnhU+Cnufu4S6JLCPZnkWh0WwZGUp72ktOF2DFptMlOs3TOdVv8xJN53zhHGARmVOsz5KqOls09+J1NR6sBKw=="
  "resolved" "http://192.168.0.169:8081/repository/npm-public/@vueuse/shared/-/shared-9.13.0.tgz"
  "version" "9.13.0"
  dependencies:
    "vue-demi" "*"

"algoliasearch@^4.0.0", "algoliasearch@>= 4.9.1 < 6":
  "integrity" "sha512-VFu43JJNYIW74awp7oeQcQsPcxOhd8psqBDTfyNO2Zt6L1NqnNMTVnaIdQ+8dtKqUDBqQZp0szPxECvX8CK2Fg=="
  "resolved" "https://registry.npmmirror.com/algoliasearch/-/algoliasearch-4.17.2.tgz"
  "version" "4.17.2"
  dependencies:
    "@algolia/cache-browser-local-storage" "4.17.2"
    "@algolia/cache-common" "4.17.2"
    "@algolia/cache-in-memory" "4.17.2"
    "@algolia/client-account" "4.17.2"
    "@algolia/client-analytics" "4.17.2"
    "@algolia/client-common" "4.17.2"
    "@algolia/client-personalization" "4.17.2"
    "@algolia/client-search" "4.17.2"
    "@algolia/logger-common" "4.17.2"
    "@algolia/logger-console" "4.17.2"
    "@algolia/requester-browser-xhr" "4.17.2"
    "@algolia/requester-common" "4.17.2"
    "@algolia/requester-node-http" "4.17.2"
    "@algolia/transporter" "4.17.2"

"ansi-sequence-parser@^1.1.0":
  "integrity" "sha512-lEm8mt52to2fT8GhciPCGeCXACSz2UwIN4X2e2LJSnZ5uAbn2/dsYdOmUXq0AtWS5cpAupysIneExOgH0Vd2TQ=="
  "resolved" "https://registry.npmmirror.com/ansi-sequence-parser/-/ansi-sequence-parser-1.1.0.tgz"
  "version" "1.1.0"

"anymatch@~3.1.2":
  "integrity" "sha512-KMReFUr0B4t+D+OBkjR3KYqvocp2XaSzO55UcB6mgQMd3KbcE+mWTyvVV7D/zsdEbNnV6acZUutkiHQXvTr1Rw=="
  "resolved" "https://registry.npmmirror.com/anymatch/-/anymatch-3.1.3.tgz"
  "version" "3.1.3"
  dependencies:
    "normalize-path" "^3.0.0"
    "picomatch" "^2.0.4"

"async-validator@*", "async-validator@^4.2.5":
  "integrity" "sha512-7HhHjtERjqlNbZtqNqy2rckN/SpOOlmDliet+lP7k+eKZEjPk3DgyeU9lIXLdeLz0uBbbVp+9Qdow9wJWgwwfg=="
  "resolved" "http://192.168.0.169:8081/repository/npm-public/async-validator/-/async-validator-4.2.5.tgz"
  "version" "4.2.5"

"asynckit@^0.4.0":
  "integrity" "sha512-Oei9OH4tRh0YqU3GxhX79dM/mwVgvbZJaSNaRk+bshkj0S5cfHcgYakreBjrHwatXKbz+IoIdYLxrKim2MjW0Q=="
  "resolved" "https://registry.npmmirror.com/asynckit/-/asynckit-0.4.0.tgz"
  "version" "0.4.0"

"axios@*", "axios@^1.4.0":
  "integrity" "sha512-S4XCWMEmzvo64T9GfvQDOXgYRDJ/wsSZc7Jvdgx5u1sd0JwsuPLqb3SYmusag+edF6ziyMensPVqLTSc1PiSEA=="
  "resolved" "https://registry.npmmirror.com/axios/-/axios-1.4.0.tgz"
  "version" "1.4.0"
  dependencies:
    "follow-redirects" "^1.15.0"
    "form-data" "^4.0.0"
    "proxy-from-env" "^1.1.0"

"binary-extensions@^2.0.0":
  "integrity" "sha512-jDctJ/IVQbZoJykoeHbhXpOlNBqGNcwXJKJog42E5HDPUwQTSdjCHdihjj0DlnheQ7blbT6dHOafNAiS8ooQKA=="
  "resolved" "https://registry.npmmirror.com/binary-extensions/-/binary-extensions-2.2.0.tgz"
  "version" "2.2.0"

"body-scroll-lock@4.0.0-beta.0":
  "integrity" "sha512-a7tP5+0Mw3YlUJcGAKUqIBkYYGlYxk2fnCasq/FUph1hadxlTRjF+gAcZksxANnaMnALjxEddmSi/H3OR8ugcQ=="
  "resolved" "https://registry.npmmirror.com/body-scroll-lock/-/body-scroll-lock-4.0.0-beta.0.tgz"
  "version" "4.0.0-beta.0"

"braces@~3.0.2":
  "integrity" "sha512-b8um+L1RzM3WDSzvhm6gIz1yfTbBt6YTlcEKAvsmqCZZFw46z626lVj9j1yEPW33H5H+lBQpZMP1k8l+78Ha0A=="
  "resolved" "https://registry.npmmirror.com/braces/-/braces-3.0.2.tgz"
  "version" "3.0.2"
  dependencies:
    "fill-range" "^7.0.1"

"chokidar@>=3.0.0 <4.0.0":
  "integrity" "sha512-Dr3sfKRP6oTcjf2JmUmFJfeVMvXBdegxB0iVQ5eb2V10uFJUCAS8OByZdVAyVb8xXNz3GjjTgj9kLWsZTqE6kw=="
  "resolved" "https://registry.npmmirror.com/chokidar/-/chokidar-3.5.3.tgz"
  "version" "3.5.3"
  dependencies:
    "anymatch" "~3.1.2"
    "braces" "~3.0.2"
    "glob-parent" "~5.1.2"
    "is-binary-path" "~2.1.0"
    "is-glob" "~4.0.1"
    "normalize-path" "~3.0.0"
    "readdirp" "~3.6.0"
  optionalDependencies:
    "fsevents" "~2.3.2"

"combined-stream@^1.0.8":
  "integrity" "sha512-FQN4MRfuJeHf7cBbBMJFXhKSDq+2kAArBlmRBvcvFE5BB1HZKXtSFASDhdlz9zOYwxh8lDdnvmMOe/+5cdoEdg=="
  "resolved" "https://registry.npmmirror.com/combined-stream/-/combined-stream-1.0.8.tgz"
  "version" "1.0.8"
  dependencies:
    "delayed-stream" "~1.0.0"

"csstype@^3.1.1":
  "integrity" "sha512-I7K1Uu0MBPzaFKg4nI5Q7Vs2t+3gWWW648spaF+Rg7pI9ds18Ugn+lvg4SHczUdKlHI5LWBXyqfS8+DufyBsgQ=="
  "resolved" "http://192.168.0.169:8081/repository/npm-public/csstype/-/csstype-3.1.2.tgz"
  "version" "3.1.2"

"dayjs@^1.11.3":
  "integrity" "sha512-QvzAURSbQ0pKdIye2txOzNaHmxtUBXerpY0FJsFXUMKbIZeFm5ht1LS/jFsrncjnmtv8HsG0W2g6c0zUjZWmpA=="
  "resolved" "http://192.168.0.169:8081/repository/npm-public/dayjs/-/dayjs-1.11.9.tgz"
  "version" "1.11.9"

"delayed-stream@~1.0.0":
  "integrity" "sha512-ZySD7Nf91aLB0RxL4KGrKHBXl7Eds1DAmEdcoVawXnLD7SDhpNgtuII2aAkg7a7QS41jxPSZ17p4VdGnMHk3MQ=="
  "resolved" "https://registry.npmmirror.com/delayed-stream/-/delayed-stream-1.0.0.tgz"
  "version" "1.0.0"

"dhtmlx-gantt@^8.0.6":
  "integrity" "sha512-GrEQ40/vgV1wDWkv/IvjJEM27Z4lDv76XvE5nlvMtFQTqUuo5VnL1XNDv/uFSJVMRnaN9StYaPxP1ebGamDLFg=="
  "resolved" "https://registry.npmjs.org/dhtmlx-gantt/-/dhtmlx-gantt-8.0.6.tgz"
  "version" "8.0.6"

"echarts@^5.4.3":
  "integrity" "sha512-mYKxLxhzy6zyTi/FaEbJMOZU1ULGEQHaeIeuMR5L+JnJTpz+YR03mnnpBhbR4+UYJAgiXgpyTVLffPAjOTLkZA=="
  "resolved" "http://192.168.0.169:8081/repository/npm-public/echarts/-/echarts-5.4.3.tgz"
  "version" "5.4.3"
  dependencies:
    "tslib" "2.3.0"
    "zrender" "5.4.4"

"element-plus@^2.3.12":
  "integrity" "sha512-fAWpbKCyt+l1dsqSNPOs/F/dBN4Wp5CGAyxbiS5zqDwI4q3QPM+LxLU2h3GUHMIBtMGCvmsG98j5HPMkTKkvcA=="
  "resolved" "http://192.168.0.169:8081/repository/npm-public/element-plus/-/element-plus-2.3.12.tgz"
  "version" "2.3.12"
  dependencies:
    "@ctrl/tinycolor" "^3.4.1"
    "@element-plus/icons-vue" "^2.0.6"
    "@floating-ui/dom" "^1.0.1"
    "@popperjs/core" "npm:@sxzz/popperjs-es@^2.11.7"
    "@types/lodash" "^4.14.182"
    "@types/lodash-es" "^4.17.6"
    "@vueuse/core" "^9.1.0"
    "async-validator" "^4.2.5"
    "dayjs" "^1.11.3"
    "escape-html" "^1.0.3"
    "lodash" "^4.17.21"
    "lodash-es" "^4.17.21"
    "lodash-unified" "^1.0.2"
    "memoize-one" "^6.0.0"
    "normalize-wheel-es" "^1.2.0"

"esbuild@^0.17.5":
  "integrity" "sha512-XQ0jAPFkK/u3LcVRcvVHQcTIqD6E2H1fvZMA5dQPSOWb3suUbWbfbRf94pjc0bNzRYLfIrDRQXr7X+LHIm5oHw=="
  "resolved" "https://registry.npmmirror.com/esbuild/-/esbuild-0.17.19.tgz"
  "version" "0.17.19"
  optionalDependencies:
    "@esbuild/android-arm" "0.17.19"
    "@esbuild/android-arm64" "0.17.19"
    "@esbuild/android-x64" "0.17.19"
    "@esbuild/darwin-arm64" "0.17.19"
    "@esbuild/darwin-x64" "0.17.19"
    "@esbuild/freebsd-arm64" "0.17.19"
    "@esbuild/freebsd-x64" "0.17.19"
    "@esbuild/linux-arm" "0.17.19"
    "@esbuild/linux-arm64" "0.17.19"
    "@esbuild/linux-ia32" "0.17.19"
    "@esbuild/linux-loong64" "0.17.19"
    "@esbuild/linux-mips64el" "0.17.19"
    "@esbuild/linux-ppc64" "0.17.19"
    "@esbuild/linux-riscv64" "0.17.19"
    "@esbuild/linux-s390x" "0.17.19"
    "@esbuild/linux-x64" "0.17.19"
    "@esbuild/netbsd-x64" "0.17.19"
    "@esbuild/openbsd-x64" "0.17.19"
    "@esbuild/sunos-x64" "0.17.19"
    "@esbuild/win32-arm64" "0.17.19"
    "@esbuild/win32-ia32" "0.17.19"
    "@esbuild/win32-x64" "0.17.19"

"escape-html@^1.0.3":
  "integrity" "sha512-NiSupZ4OeuGwr68lGIeym/ksIZMJodUGOSCZ/FSnTxcrekbvqrgdUxlJOMpijaKZVjAJrWrGs/6Jy8OMuyj9ow=="
  "resolved" "http://192.168.0.169:8081/repository/npm-public/escape-html/-/escape-html-1.0.3.tgz"
  "version" "1.0.3"

"estree-walker@^2.0.2":
  "integrity" "sha512-Rfkk/Mp/DL7JVje3u18FxFujQlTNR2q6QfMSMB7AvCBx91NGj/ba3kCfza0f6dVDbw7YlRf/nDrn7pQrCCyQ/w=="
  "resolved" "http://192.168.0.169:8081/repository/npm-public/estree-walker/-/estree-walker-2.0.2.tgz"
  "version" "2.0.2"

"fill-range@^7.0.1":
  "integrity" "sha512-qOo9F+dMUmC2Lcb4BbVvnKJxTPjCm+RRpe4gDuGrzkL7mEVl/djYSu2OdQ2Pa302N4oqkSg9ir6jaLWJ2USVpQ=="
  "resolved" "https://registry.npmmirror.com/fill-range/-/fill-range-7.0.1.tgz"
  "version" "7.0.1"
  dependencies:
    "to-regex-range" "^5.0.1"

"focus-trap@*", "focus-trap@^7.4.2":
  "integrity" "sha512-BgSSbK4GPnS2VbtZ50VtOv1Sti6DIkj3+LkVjiWMNjLeAp1SH1UlLx3ULu/DCu4vq5R4/uvTm+zrvsMsuYmGLg=="
  "resolved" "https://registry.npmmirror.com/focus-trap/-/focus-trap-7.4.3.tgz"
  "version" "7.4.3"
  dependencies:
    "tabbable" "^6.1.2"

"follow-redirects@^1.15.0":
  "integrity" "sha512-VQLG33o04KaQ8uYi2tVNbdrWp1QWxNNea+nmIB4EVM28v0hmP17z7aG1+wAkNzVq4KeXTq3221ye5qTJP91JwA=="
  "resolved" "https://registry.npmmirror.com/follow-redirects/-/follow-redirects-1.15.2.tgz"
  "version" "1.15.2"

"form-data@^4.0.0":
  "integrity" "sha512-ETEklSGi5t0QMZuiXoA/Q6vcnxcLQP5vdugSpuAyi6SVGi2clPPp+xgEhuMaHC+zGgn31Kd235W35f7Hykkaww=="
  "resolved" "https://registry.npmmirror.com/form-data/-/form-data-4.0.0.tgz"
  "version" "4.0.0"
  dependencies:
    "asynckit" "^0.4.0"
    "combined-stream" "^1.0.8"
    "mime-types" "^2.1.12"

"glob-parent@~5.1.2":
  "integrity" "sha512-AOIgSQCepiJYwP3ARnGx+5VnTu2HBYdzbGP45eLw1vr3zB3vZLeyed1sC9hnbcOc9/SrMyM5RPQrkGz4aS9Zow=="
  "resolved" "https://registry.npmmirror.com/glob-parent/-/glob-parent-5.1.2.tgz"
  "version" "5.1.2"
  dependencies:
    "is-glob" "^4.0.1"

"immutable@^4.0.0":
  "integrity" "sha512-0AOCmOip+xgJwEVTQj1EfiDDOkPmuyllDuTuEX+DDXUgapLAsBIfkg3sxCYyCEA8mQqZrrxPUGjcOQ2JS3WLkg=="
  "resolved" "https://registry.npmmirror.com/immutable/-/immutable-4.3.0.tgz"
  "version" "4.3.0"

"is-binary-path@~2.1.0":
  "integrity" "sha512-ZMERYes6pDydyuGidse7OsHxtbI7WVeUEozgR/g7rd0xUimYNlvZRE/K2MgZTjWy725IfelLeVcEM97mmtRGXw=="
  "resolved" "https://registry.npmmirror.com/is-binary-path/-/is-binary-path-2.1.0.tgz"
  "version" "2.1.0"
  dependencies:
    "binary-extensions" "^2.0.0"

"is-extglob@^2.1.1":
  "integrity" "sha512-SbKbANkN603Vi4jEZv49LeVJMn4yGwsbzZworEoyEiutsN3nJYdbO36zfhGJ6QEDpOZIFkDtnq5JRxmvl3jsoQ=="
  "resolved" "https://registry.npmmirror.com/is-extglob/-/is-extglob-2.1.1.tgz"
  "version" "2.1.1"

"is-glob@^4.0.1", "is-glob@~4.0.1":
  "integrity" "sha512-xelSayHH36ZgE7ZWhli7pW34hNbNl8Ojv5KVmkJD4hBdD3th8Tfk9vYasLM+mXWOZhFkgZfxhLSnrwRr4elSSg=="
  "resolved" "https://registry.npmmirror.com/is-glob/-/is-glob-4.0.3.tgz"
  "version" "4.0.3"
  dependencies:
    "is-extglob" "^2.1.1"

"is-number@^7.0.0":
  "integrity" "sha512-41Cifkg6e8TylSpdtTpeLVMqvSBEVzTttHvERD741+pnZ8ANv0004MRL43QKPDlK9cGvNp6NZWZUBlbGXYxxng=="
  "resolved" "https://registry.npmmirror.com/is-number/-/is-number-7.0.0.tgz"
  "version" "7.0.0"

"jsonc-parser@^3.2.0":
  "integrity" "sha512-gfFQZrcTc8CnKXp6Y4/CBT3fTc0OVuDofpre4aEeEpSBPV5X5v4+Vmx+8snU7RLPrNHPKSgLxGo9YuQzz20o+w=="
  "resolved" "https://registry.npmmirror.com/jsonc-parser/-/jsonc-parser-3.2.0.tgz"
  "version" "3.2.0"

"lodash-es@*", "lodash-es@^4.17.21":
  "integrity" "sha512-mKnC+QJ9pWVzv+C4/U3rRsHapFfHvQFoFB92e52xeyGMcX6/OlIl78je1u8vePzYZSkkogMPJ2yjxxsb89cxyw=="
  "resolved" "http://192.168.0.169:8081/repository/npm-public/lodash-es/-/lodash-es-4.17.21.tgz"
  "version" "4.17.21"

"lodash-unified@^1.0.2":
  "integrity" "sha512-WK9qSozxXOD7ZJQlpSqOT+om2ZfcT4yO+03FuzAHD0wF6S0l0090LRPDx3vhTTLZ8cFKpBn+IOcVXK6qOcIlfQ=="
  "resolved" "http://192.168.0.169:8081/repository/npm-public/lodash-unified/-/lodash-unified-1.0.3.tgz"
  "version" "1.0.3"

"lodash@*", "lodash@^4.17.21":
  "integrity" "sha512-v2kDEe57lecTulaDIuNTPy3Ry4gLGJ6Z1O3vE1krgXZNrsQ+LFTGHVxVjcXPs17LhbZVGedAJv8XZ1tvj5FvSg=="
  "resolved" "http://192.168.0.169:8081/repository/npm-public/lodash/-/lodash-4.17.21.tgz"
  "version" "4.17.21"

"magic-string@^0.30.0":
  "integrity" "sha512-B7xGbll2fG/VjP+SWg4sX3JynwIU0mjoTc6MPpKNuIvftk6u6vqhDnk1R80b8C2GBR6ywqy+1DcKBrevBg+bmw=="
  "resolved" "http://192.168.0.169:8081/repository/npm-public/magic-string/-/magic-string-0.30.3.tgz"
  "version" "0.30.3"
  dependencies:
    "@jridgewell/sourcemap-codec" "^1.4.15"

"mark.js@8.11.1":
  "integrity" "sha512-1I+1qpDt4idfgLQG+BNWmrqku+7/2bi5nLf4YwF8y8zXvmfiTBY3PV3ZibfrjBueCByROpuBjLLFCajqkgYoLQ=="
  "resolved" "https://registry.npmmirror.com/mark.js/-/mark.js-8.11.1.tgz"
  "version" "8.11.1"

"memoize-one@^6.0.0":
  "integrity" "sha512-rkpe71W0N0c0Xz6QD0eJETuWAJGnJ9afsl1srmwPrI+yBCkge5EycXXbYRyvL29zZVUWQCY7InPRCv3GDXuZNw=="
  "resolved" "http://192.168.0.169:8081/repository/npm-public/memoize-one/-/memoize-one-6.0.0.tgz"
  "version" "6.0.0"

"mime-db@1.52.0":
  "integrity" "sha512-sPU4uV7dYlvtWJxwwxHD0PuihVNiE7TyAbQ5SWxDCB9mUYvOgroQOwYQQOKPJ8CIbE+1ETVlOoK1UC2nU3gYvg=="
  "resolved" "https://registry.npmmirror.com/mime-db/-/mime-db-1.52.0.tgz"
  "version" "1.52.0"

"mime-types@^2.1.12":
  "integrity" "sha512-ZDY+bPm5zTTF+YpCrAU9nK0UgICYPT0QtT1NZWFv4s++TNkcgVaT0g6+4R2uI4MjQjzysHB1zxuWL50hzaeXiw=="
  "resolved" "https://registry.npmmirror.com/mime-types/-/mime-types-2.1.35.tgz"
  "version" "2.1.35"
  dependencies:
    "mime-db" "1.52.0"

"minisearch@^6.1.0":
  "integrity" "sha512-PNxA/X8pWk+TiqPbsoIYH0GQ5Di7m6326/lwU/S4mlo4wGQddIcf/V//1f9TB0V4j59b57b+HZxt8h3iMROGvg=="
  "resolved" "https://registry.npmmirror.com/minisearch/-/minisearch-6.1.0.tgz"
  "version" "6.1.0"

"nanoid@^3.3.6":
  "integrity" "sha512-BGcqMMJuToF7i1rt+2PWSNVnWIkGCU78jBG3RxO/bZlnZPK2Cmi2QaffxGO/2RvWi9sL+FAiRiXMgsyxQ1DIDA=="
  "resolved" "https://registry.npmmirror.com/nanoid/-/nanoid-3.3.6.tgz"
  "version" "3.3.6"

"normalize-path@^3.0.0", "normalize-path@~3.0.0":
  "integrity" "sha512-6eZs5Ls3WtCisHWp9S2GUy8dqkpGi4BVSz3GaqiE6ezub0512ESztXUwUB6C6IKbQkY2Pnb/mD4WYojCRwcwLA=="
  "resolved" "https://registry.npmmirror.com/normalize-path/-/normalize-path-3.0.0.tgz"
  "version" "3.0.0"

"normalize-wheel-es@^1.2.0":
  "integrity" "sha512-Wj7+EJQ8mSuXr2iWfnujrimU35R2W4FAErEyTmJoJ7ucwTn2hOUSsRehMb5RSYkxXGTM7Y9QpvPmp++w5ftoJw=="
  "resolved" "http://192.168.0.169:8081/repository/npm-public/normalize-wheel-es/-/normalize-wheel-es-1.2.0.tgz"
  "version" "1.2.0"

"picocolors@^1.0.0":
  "integrity" "sha512-1fygroTLlHu66zi26VoTDv8yRgm0Fccecssto+MhsZ0D/DGW2sm8E8AjW7NU5VVTRt5GxbeZ5qBuJr+HyLYkjQ=="
  "resolved" "https://registry.npmmirror.com/picocolors/-/picocolors-1.0.0.tgz"
  "version" "1.0.0"

"picomatch@^2.0.4", "picomatch@^2.2.1":
  "integrity" "sha512-JU3teHTNjmE2VCGFzuY8EXzCDVwEqB2a8fsIvwaStHhAWJEeVd1o1QD80CU6+ZdEXXSLbSsuLwJjkCBWqRQUVA=="
  "resolved" "https://registry.npmmirror.com/picomatch/-/picomatch-2.3.1.tgz"
  "version" "2.3.1"

"postcss@^8.1.10", "postcss@^8.4.23":
  "integrity" "sha512-M0RzbcI0sO/XJNucsGjvWU9ERWxb/ytp1w6dKtxTKgixdtQDq4rmx/g8W1hnaheq9jgwL/oyEdH5Bc4WwJKMqg=="
  "resolved" "https://registry.npmmirror.com/postcss/-/postcss-8.4.24.tgz"
  "version" "8.4.24"
  dependencies:
    "nanoid" "^3.3.6"
    "picocolors" "^1.0.0"
    "source-map-js" "^1.0.2"

"preact@^10.0.0":
  "integrity" "sha512-qs2ansoQEwzNiV5eAcRT1p1EC/dmEzaATVDJNiB3g2sRDWdA7b7MurXdJjB2+/WQktGWZwxvDrnuRFbWuIr64g=="
  "resolved" "https://registry.npmmirror.com/preact/-/preact-10.15.1.tgz"
  "version" "10.15.1"

"proxy-from-env@^1.1.0":
  "integrity" "sha512-D+zkORCbA9f1tdWRK0RaCR3GPv50cMxcrz4X8k5LTSUD1Dkw47mKJEZQNunItRTkWwgtaUSo1RVFRIG9ZXiFYg=="
  "resolved" "https://registry.npmmirror.com/proxy-from-env/-/proxy-from-env-1.1.0.tgz"
  "version" "1.1.0"

"readdirp@~3.6.0":
  "integrity" "sha512-hOS089on8RduqdbhvQ5Z37A0ESjsqz6qnRcffsMU3495FuTdqSm+7bhJ29JvIOsBDEEnan5DPu9t3To9VRlMzA=="
  "resolved" "https://registry.npmmirror.com/readdirp/-/readdirp-3.6.0.tgz"
  "version" "3.6.0"
  dependencies:
    "picomatch" "^2.2.1"

"rollup@^3.21.0":
  "integrity" "sha512-REHe5dx30ERBRFS0iENPHy+t6wtSEYkjrhwNsLyh3qpRaZ1+aylvMUdMBUHWUD/RjjLmLzEvY8Z9XRlpcdIkHA=="
  "resolved" "https://registry.npmmirror.com/rollup/-/rollup-3.24.1.tgz"
  "version" "3.24.1"
  optionalDependencies:
    "fsevents" "~2.3.2"

"sass@*", "sass@^1.63.4":
  "integrity" "sha512-Sx/+weUmK+oiIlI+9sdD0wZHsqpbgQg8wSwSnGBjwb5GwqFhYNwwnI+UWZtLjKvKyFlKkatRK235qQ3mokyPoQ=="
  "resolved" "https://registry.npmmirror.com/sass/-/sass-1.63.4.tgz"
  "version" "1.63.4"
  dependencies:
    "chokidar" ">=3.0.0 <4.0.0"
    "immutable" "^4.0.0"
    "source-map-js" ">=0.6.2 <2.0.0"

"shiki@^0.14.2":
  "integrity" "sha512-ltSZlSLOuSY0M0Y75KA+ieRaZ0Trf5Wl3gutE7jzLuIcWxLp5i/uEnLoQWNvgKXQ5OMpGkJnVMRLAuzjc0LJ2A=="
  "resolved" "https://registry.npmmirror.com/shiki/-/shiki-0.14.2.tgz"
  "version" "0.14.2"
  dependencies:
    "ansi-sequence-parser" "^1.1.0"
    "jsonc-parser" "^3.2.0"
    "vscode-oniguruma" "^1.7.0"
    "vscode-textmate" "^8.0.0"

"source-map-js@^1.0.2", "source-map-js@>=0.6.2 <2.0.0":
  "integrity" "sha512-R0XvVJ9WusLiqTCEiGCmICCMplcCkIwwR11mOSD9CR5u+IXYdiseeEuXCVAjS54zqwkLcPNnmU4OeJ6tUrWhDw=="
  "resolved" "https://registry.npmmirror.com/source-map-js/-/source-map-js-1.0.2.tgz"
  "version" "1.0.2"

"tabbable@^6.1.2":
  "integrity" "sha512-qCN98uP7i9z0fIS4amQ5zbGBOq+OSigYeGvPy7NDk8Y9yncqDZ9pRPgfsc2PJIVM9RrJj7GIfuRgmjoUU9zTHQ=="
  "resolved" "https://registry.npmmirror.com/tabbable/-/tabbable-6.1.2.tgz"
  "version" "6.1.2"

"to-regex-range@^5.0.1":
  "integrity" "sha512-65P7iz6X5yEr1cwcgvQxbbIw7Uk3gOy5dIdtZ4rDveLqhrdJP+Li/Hx6tyK0NEb+2GCyneCMJiGqrADCSNk8sQ=="
  "resolved" "https://registry.npmmirror.com/to-regex-range/-/to-regex-range-5.0.1.tgz"
  "version" "5.0.1"
  dependencies:
    "is-number" "^7.0.0"

"tslib@2.3.0":
  "integrity" "sha512-N82ooyxVNm6h1riLCoyS9e3fuJ3AMG2zIZs2Gd1ATcSFjSA23Q0fzjjZeh0jbJvWVDZ0cJT8yaNNaaXHzueNjg=="
  "resolved" "http://192.168.0.169:8081/repository/npm-public/tslib/-/tslib-2.3.0.tgz"
  "version" "2.3.0"

"vite@^4.0.0", "vite@^4.3.8":
  "integrity" "sha512-uYB8PwN7hbMrf4j1xzGDk/lqjsZvCDbt/JC5dyfxc19Pg8kRm14LinK/uq+HSLNswZEoKmweGdtpbnxRtrAXiQ=="
  "resolved" "https://registry.npmmirror.com/vite/-/vite-4.3.8.tgz"
  "version" "4.3.8"
  dependencies:
    "esbuild" "^0.17.5"
    "postcss" "^8.4.23"
    "rollup" "^3.21.0"
  optionalDependencies:
    "fsevents" "~2.3.2"

"vitepress@^1.0.0-beta.1":
  "integrity" "sha512-V2yyCwQ+v9fh7rbnGDLp8M7vHa9sLElexXf/JHtBOsOwv7ed9wt1QI4WUagYgKR3TeoJT9v2s6f0UaQSne0EvQ=="
  "version" "1.0.0-beta.1"
  dependencies:
    "@docsearch/css" "^3.3.5"
    "@docsearch/js" "^3.3.5"
    "@vitejs/plugin-vue" "^4.2.3"
    "@vue/devtools-api" "^6.5.0"
    "@vueuse/core" "^10.1.2"
    "@vueuse/integrations" "^10.1.2"
    "body-scroll-lock" "4.0.0-beta.0"
    "focus-trap" "^7.4.2"
    "mark.js" "8.11.1"
    "minisearch" "^6.1.0"
    "shiki" "^0.14.2"
    "vite" "^4.3.8"
    "vue" "^3.3.4"

"vscode-oniguruma@^1.7.0":
  "integrity" "sha512-L9WMGRfrjOhgHSdOYgCt/yRMsXzLDJSL7BPrOZt73gU0iWO4mpqzqQzOz5srxqTvMBaR0XZTSrVWo4j55Rc6cA=="
  "resolved" "https://registry.npmmirror.com/vscode-oniguruma/-/vscode-oniguruma-1.7.0.tgz"
  "version" "1.7.0"

"vscode-textmate@^8.0.0":
  "integrity" "sha512-AFbieoL7a5LMqcnOF04ji+rpXadgOXnZsxQr//r83kLPr7biP7am3g9zbaZIaBGwBRWeSvoMD4mgPdX3e4NWBg=="
  "resolved" "https://registry.npmmirror.com/vscode-textmate/-/vscode-textmate-8.0.0.tgz"
  "version" "8.0.0"

"vue-demi@*", "vue-demi@>=0.14.0":
  "integrity" "sha512-o9NUVpl/YlsGJ7t+xuqJKx8EBGf1quRhCiT6D/J0pfwmk9zUwYkC7yrF4SZCe6fETvSM3UNL2edcbYrSyc4QHA=="
  "resolved" "https://registry.npmmirror.com/vue-demi/-/vue-demi-0.14.5.tgz"
  "version" "0.14.5"

"vue-demi@^0.12.5":
  "integrity" "sha512-BREuTgTYlUr0zw0EZn3hnhC3I6gPWv+Kwh4MCih6QcAeaTlaIX0DwOVN0wHej7hSvDPecz4jygy/idsgKfW58Q=="
  "resolved" "https://registry.npmjs.org/vue-demi/-/vue-demi-0.12.5.tgz"
  "version" "0.12.5"

"vue@^2.0.0 || >=3.0.0", "vue@^3.0.0-0 || ^2.6.0", "vue@^3.2.0", "vue@^3.2.25", "vue@^3.3.4", "vue@3.3.4":
  "integrity" "sha512-VTyEYn3yvIeY1Py0WaYGZsXnz3y5UnGi62GjVEqvEGPl6nxbOrCXbVOTQWBEJUqAyTUk2uJ5JLVnYJ6ZzGbrSw=="
  "resolved" "http://192.168.0.169:8081/repository/npm-public/vue/-/vue-3.3.4.tgz"
  "version" "3.3.4"
  dependencies:
    "@vue/compiler-dom" "3.3.4"
    "@vue/compiler-sfc" "3.3.4"
    "@vue/runtime-dom" "3.3.4"
    "@vue/server-renderer" "3.3.4"
    "@vue/shared" "3.3.4"

"vue3-lazyload@^0.3.8":
  "integrity" "sha512-UiJHRT7mzry102WbhtrRgJh+f8Z8u4Z+H1RU4dvPmQeq7wFSDFxZB9iJOWGihH2FscXN/8rMGLDOQJAmjwqpCg=="
  "resolved" "https://registry.npmjs.org/vue3-lazyload/-/vue3-lazyload-0.3.8.tgz"
  "version" "0.3.8"
  dependencies:
    "vue-demi" "^0.12.5"

"zrender@5.4.4":
  "integrity" "sha512-0VxCNJ7AGOMCWeHVyTrGzUgrK4asT4ml9PEkeGirAkKNYXYzoPJCLvmyfdoOXcjTHPs10OZVMfD1Rwg16AZyYw=="
  "resolved" "http://192.168.0.169:8081/repository/npm-public/zrender/-/zrender-5.4.4.tgz"
  "version" "5.4.4"
  dependencies:
    "tslib" "2.3.0"
